
Microsoft Visual Studio Solution File, Format Version 12.00
Project("{FAE04EC0-301F-11D3-BF4B-00C04F79EFBC}") = "MemoryRepositories", "MemoryRepositories\MemoryRepositories.csproj", "{022452D5-1E29-4D87-B729-D19089B61FED}"
EndProject
Project("{FAE04EC0-301F-11D3-BF4B-00C04F79EFBC}") = "Domain", "Domain\Domain.csproj", "{D9B6A4C7-882C-49BD-AD33-55C477F31289}"
EndProject
Project("{FAE04EC0-301F-11D3-BF4B-00C04F79EFBC}") = "EntityRepository", "EntityRepository\EntityRepository.csproj", "{2563A515-F6A9-4A9F-B3BF-B5F5FCD29237}"
EndProject
Project("{FAE04EC0-301F-11D3-BF4B-00C04F79EFBC}") = "CLI", "CLI\CLI.csproj", "{3371343D-3222-4509-9E67-C532539D0962}"
EndProject
Project("{FAE04EC0-301F-11D3-BF4B-00C04F79EFBC}") = "FileRepositories", "FileRepositories\FileRepositories.csproj", "{354A0412-57D4-4A89-91C0-C2B26629D454}"
EndProject
Project("{2150E333-8FDC-42A3-9474-1A3956D46DE8}") = "Shared", "Shared", "{9DF9C154-EC10-473C-BFD3-70BB785A1F2A}"
EndProject
Project("{FAE04EC0-301F-11D3-BF4B-00C04F79EFBC}") = "ApiContracts", "ApiContracts\ApiContracts.csproj", "{C38AB8A6-8102-4954-BA86-53A447F97285}"
EndProject
Project("{FAE04EC0-301F-11D3-BF4B-00C04F79EFBC}") = "WebAPI", "WebAPI\WebAPI.csproj", "{C6199A4C-8D9F-4ADE-849D-470F4538D9DC}"
EndProject
Project("{2150E333-8FDC-42A3-9474-1A3956D46DE8}") = "Client", "Client", "{89A415E4-CB13-4D9A-AEEC-72313BFB43D5}"
EndProject
Project("{FAE04EC0-301F-11D3-BF4B-00C04F79EFBC}") = "BlazorApp1", "BlazorApp1\BlazorApp1.csproj", "{338FB676-C23E-42E2-9F2A-DB4296DFED3C}"
EndProject
Global
	GlobalSection(SolutionConfigurationPlatforms) = preSolution
		Debug|Any CPU = Debug|Any CPU
		Release|Any CPU = Release|Any CPU
	EndGlobalSection
	GlobalSection(ProjectConfigurationPlatforms) = postSolution
		{022452D5-1E29-4D87-B729-D19089B61FED}.Debug|Any CPU.ActiveCfg = Debug|Any CPU
		{022452D5-1E29-4D87-B729-D19089B61FED}.Debug|Any CPU.Build.0 = Debug|Any CPU
		{022452D5-1E29-4D87-B729-D19089B61FED}.Release|Any CPU.ActiveCfg = Release|Any CPU
		{022452D5-1E29-4D87-B729-D19089B61FED}.Release|Any CPU.Build.0 = Release|Any CPU
		{D9B6A4C7-882C-49BD-AD33-55C477F31289}.Debug|Any CPU.ActiveCfg = Debug|Any CPU
		{D9B6A4C7-882C-49BD-AD33-55C477F31289}.Debug|Any CPU.Build.0 = Debug|Any CPU
		{D9B6A4C7-882C-49BD-AD33-55C477F31289}.Release|Any CPU.ActiveCfg = Release|Any CPU
		{D9B6A4C7-882C-49BD-AD33-55C477F31289}.Release|Any CPU.Build.0 = Release|Any CPU
		{2563A515-F6A9-4A9F-B3BF-B5F5FCD29237}.Debug|Any CPU.ActiveCfg = Debug|Any CPU
		{2563A515-F6A9-4A9F-B3BF-B5F5FCD29237}.Debug|Any CPU.Build.0 = Debug|Any CPU
		{2563A515-F6A9-4A9F-B3BF-B5F5FCD29237}.Release|Any CPU.ActiveCfg = Release|Any CPU
		{2563A515-F6A9-4A9F-B3BF-B5F5FCD29237}.Release|Any CPU.Build.0 = Release|Any CPU
		{3371343D-3222-4509-9E67-C532539D0962}.Debug|Any CPU.ActiveCfg = Debug|Any CPU
		{3371343D-3222-4509-9E67-C532539D0962}.Debug|Any CPU.Build.0 = Debug|Any CPU
		{3371343D-3222-4509-9E67-C532539D0962}.Release|Any CPU.ActiveCfg = Release|Any CPU
		{3371343D-3222-4509-9E67-C532539D0962}.Release|Any CPU.Build.0 = Release|Any CPU
		{354A0412-57D4-4A89-91C0-C2B26629D454}.Debug|Any CPU.ActiveCfg = Debug|Any CPU
		{354A0412-57D4-4A89-91C0-C2B26629D454}.Debug|Any CPU.Build.0 = Debug|Any CPU
		{354A0412-57D4-4A89-91C0-C2B26629D454}.Release|Any CPU.ActiveCfg = Release|Any CPU
		{354A0412-57D4-4A89-91C0-C2B26629D454}.Release|Any CPU.Build.0 = Release|Any CPU
		{C38AB8A6-8102-4954-BA86-53A447F97285}.Debug|Any CPU.ActiveCfg = Debug|Any CPU
		{C38AB8A6-8102-4954-BA86-53A447F97285}.Debug|Any CPU.Build.0 = Debug|Any CPU
		{C38AB8A6-8102-4954-BA86-53A447F97285}.Release|Any CPU.ActiveCfg = Release|Any CPU
		{C38AB8A6-8102-4954-BA86-53A447F97285}.Release|Any CPU.Build.0 = Release|Any CPU
		{C6199A4C-8D9F-4ADE-849D-470F4538D9DC}.Debug|Any CPU.ActiveCfg = Debug|Any CPU
		{C6199A4C-8D9F-4ADE-849D-470F4538D9DC}.Debug|Any CPU.Build.0 = Debug|Any CPU
		{C6199A4C-8D9F-4ADE-849D-470F4538D9DC}.Release|Any CPU.ActiveCfg = Release|Any CPU
		{C6199A4C-8D9F-4ADE-849D-470F4538D9DC}.Release|Any CPU.Build.0 = Release|Any CPU
		{338FB676-C23E-42E2-9F2A-DB4296DFED3C}.Debug|Any CPU.ActiveCfg = Debug|Any CPU
		{338FB676-C23E-42E2-9F2A-DB4296DFED3C}.Debug|Any CPU.Build.0 = Debug|Any CPU
		{338FB676-C23E-42E2-9F2A-DB4296DFED3C}.Release|Any CPU.ActiveCfg = Release|Any CPU
		{338FB676-C23E-42E2-9F2A-DB4296DFED3C}.Release|Any CPU.Build.0 = Release|Any CPU
	EndGlobalSection
	GlobalSection(NestedProjects) = preSolution
		{C38AB8A6-8102-4954-BA86-53A447F97285} = {9DF9C154-EC10-473C-BFD3-70BB785A1F2A}
		{338FB676-C23E-42E2-9F2A-DB4296DFED3C} = {89A415E4-CB13-4D9A-AEEC-72313BFB43D5}
	EndGlobalSection
EndGlobal
